
Microsoft Visual Studio Solution File, Format Version 12.00
Project("{2150E333-8FDC-42A3-9474-1A3956D46DE8}") = "src", "src", "{17E6FC8B-8848-40E4-8596-B6A71DA6FF7B}"
EndProject
Project("{FAE04EC0-301F-11D3-BF4B-00C04F79EFBC}") = "Minefield.Lib", "Minefield.Lib\Minefield.Lib.csproj", "{0405207F-19D2-4C04-95FF-439D4E653F78}"
EndProject
Project("{FAE04EC0-301F-11D3-BF4B-00C04F79EFBC}") = "Minefield.Game", "Minefield.Game\Minefield.Game.csproj", "{0A7815F8-EAEF-4A8F-BB65-A1161BF7BD51}"
EndProject
Global
	GlobalSection(SolutionConfigurationPlatforms) = preSolution
		Debug|Any CPU = Debug|Any CPU
		Release|Any CPU = Release|Any CPU
	EndGlobalSection
	GlobalSection(NestedProjects) = preSolution
		{0405207F-19D2-4C04-95FF-439D4E653F78} = {17E6FC8B-8848-40E4-8596-B6A71DA6FF7B}
		{0A7815F8-EAEF-4A8F-BB65-A1161BF7BD51} = {17E6FC8B-8848-40E4-8596-B6A71DA6FF7B}
	EndGlobalSection
	GlobalSection(ProjectConfigurationPlatforms) = postSolution
		{0405207F-19D2-4C04-95FF-439D4E653F78}.Debug|Any CPU.ActiveCfg = Debug|Any CPU
		{0405207F-19D2-4C04-95FF-439D4E653F78}.Debug|Any CPU.Build.0 = Debug|Any CPU
		{0405207F-19D2-4C04-95FF-439D4E653F78}.Release|Any CPU.ActiveCfg = Release|Any CPU
		{0405207F-19D2-4C04-95FF-439D4E653F78}.Release|Any CPU.Build.0 = Release|Any CPU
		{0A7815F8-EAEF-4A8F-BB65-A1161BF7BD51}.Debug|Any CPU.ActiveCfg = Debug|Any CPU
		{0A7815F8-EAEF-4A8F-BB65-A1161BF7BD51}.Debug|Any CPU.Build.0 = Debug|Any CPU
		{0A7815F8-EAEF-4A8F-BB65-A1161BF7BD51}.Release|Any CPU.ActiveCfg = Release|Any CPU
		{0A7815F8-EAEF-4A8F-BB65-A1161BF7BD51}.Release|Any CPU.Build.0 = Release|Any CPU
	EndGlobalSection
EndGlobal
